
Microsoft Visual Studio Solution File, Format Version 12.00
# Visual Studio Version 16
VisualStudioVersion = 16.0.30611.23
MinimumVisualStudioVersion = 10.0.40219.1
Project("{FAE04EC0-301F-11D3-BF4B-00C04F79EFBC}") = "Anticheat V1.5 (rewritten)", "Anticheat V1.5 (rewritten)\Anticheat V1.5 (rewritten).csproj", "{CA342601-A4C4-42B7-B8B1-AEA74F97D7A3}"
EndProject
Global
	GlobalSection(SolutionConfigurationPlatforms) = preSolution
		Debug|Any CPU = Debug|Any CPU
		Release|Any CPU = Release|Any CPU
	EndGlobalSection
	GlobalSection(ProjectConfigurationPlatforms) = postSolution
		{CA342601-A4C4-42B7-B8B1-AEA74F97D7A3}.Debug|Any CPU.ActiveCfg = Debug|Any CPU
		{CA342601-A4C4-42B7-B8B1-AEA74F97D7A3}.Debug|Any CPU.Build.0 = Debug|Any CPU
		{CA342601-A4C4-42B7-B8B1-AEA74F97D7A3}.Release|Any CPU.ActiveCfg = Release|Any CPU
		{CA342601-A4C4-42B7-B8B1-AEA74F97D7A3}.Release|Any CPU.Build.0 = Release|Any CPU
	EndGlobalSection
	GlobalSection(SolutionProperties) = preSolution
		HideSolutionNode = FALSE
	EndGlobalSection
	GlobalSection(ExtensibilityGlobals) = postSolution
		SolutionGuid = {F6A704C7-0636-474D-9D30-D4D35FAF4269}
	EndGlobalSection
EndGlobal
