
Microsoft Visual Studio Solution File, Format Version 12.00
# Visual Studio Version 16
VisualStudioVersion = 16.0.30611.23
MinimumVisualStudioVersion = 10.0.40219.1
Project("{FAE04EC0-301F-11D3-BF4B-00C04F79EFBC}") = "DACUsermodeService", "DACUsermodeService\DACUsermodeService.csproj", "{3C069FB2-FB43-4411-B286-E033E135A914}"
EndProject
Global
	GlobalSection(SolutionConfigurationPlatforms) = preSolution
		Debug|Any CPU = Debug|Any CPU
		Release|Any CPU = Release|Any CPU
	EndGlobalSection
	GlobalSection(ProjectConfigurationPlatforms) = postSolution
		{3C069FB2-FB43-4411-B286-E033E135A914}.Debug|Any CPU.ActiveCfg = Debug|Any CPU
		{3C069FB2-FB43-4411-B286-E033E135A914}.Debug|Any CPU.Build.0 = Debug|Any CPU
		{3C069FB2-FB43-4411-B286-E033E135A914}.Release|Any CPU.ActiveCfg = Release|Any CPU
		{3C069FB2-FB43-4411-B286-E033E135A914}.Release|Any CPU.Build.0 = Release|Any CPU
	EndGlobalSection
	GlobalSection(SolutionProperties) = preSolution
		HideSolutionNode = FALSE
	EndGlobalSection
	GlobalSection(ExtensibilityGlobals) = postSolution
		SolutionGuid = {C6AAC051-21A8-45D0-9EC6-DC9D51D5475B}
	EndGlobalSection
EndGlobal
